
Microsoft Visual Studio Solution File, Format Version 12.00
# Visual Studio Version 16
VisualStudioVersion = 16.0.31005.135
MinimumVisualStudioVersion = 10.0.40219.1
Project("{FAE04EC0-301F-11D3-BF4B-00C04F79EFBC}") = "Task2", "Task2\Task2.csproj", "{5FD7534E-59AB-4258-8BBF-1582CAE2EBC6}"
EndProject
Global
	GlobalSection(SolutionConfigurationPlatforms) = preSolution
		Debug|Any CPU = Debug|Any CPU
		Release|Any CPU = Release|Any CPU
	EndGlobalSection
	GlobalSection(ProjectConfigurationPlatforms) = postSolution
		{5FD7534E-59AB-4258-8BBF-1582CAE2EBC6}.Debug|Any CPU.ActiveCfg = Debug|Any CPU
		{5FD7534E-59AB-4258-8BBF-1582CAE2EBC6}.Debug|Any CPU.Build.0 = Debug|Any CPU
		{5FD7534E-59AB-4258-8BBF-1582CAE2EBC6}.Release|Any CPU.ActiveCfg = Release|Any CPU
		{5FD7534E-59AB-4258-8BBF-1582CAE2EBC6}.Release|Any CPU.Build.0 = Release|Any CPU
	EndGlobalSection
	GlobalSection(SolutionProperties) = preSolution
		HideSolutionNode = FALSE
	EndGlobalSection
	GlobalSection(ExtensibilityGlobals) = postSolution
		SolutionGuid = {58EE3653-F4D7-4FA8-ADCD-DA21C3D75E92}
	EndGlobalSection
EndGlobal
